
Microsoft Visual Studio Solution File, Format Version 12.00
# Visual Studio Version 16
VisualStudioVersion = 16.0.30406.217
MinimumVisualStudioVersion = 10.0.40219.1
Project("{2150E333-8FDC-42A3-9474-1A3956D46DE8}") = "src", "src", "{CD243F4A-C5BF-4689-9161-F5272B850068}"
EndProject
Project("{2150E333-8FDC-42A3-9474-1A3956D46DE8}") = "Web.API", "Web.API", "{549DB583-355A-4BC0-80F7-851A895F2150}"
EndProject
Project("{2150E333-8FDC-42A3-9474-1A3956D46DE8}") = "Web.Client", "Web.Client", "{49A9B18B-E8AD-452E-8643-545A3ECD8A22}"
EndProject
Project("{2150E333-8FDC-42A3-9474-1A3956D46DE8}") = "tests", "tests", "{21DF579A-79AC-4CC1-A96A-ACC79B41969E}"
EndProject
Project("{FAE04EC0-301F-11D3-BF4B-00C04F79EFBC}") = "My.API", "My.API\My.API.csproj", "{C2E0DF91-33D9-45A6-89B2-34E5E51188DC}"
EndProject
Project("{FAE04EC0-301F-11D3-BF4B-00C04F79EFBC}") = "My.Core", "My.Core\My.Core.csproj", "{E9FA2CFA-F243-4350-95B3-657D54066597}"
EndProject
Project("{FAE04EC0-301F-11D3-BF4B-00C04F79EFBC}") = "My.Services", "My.Services\My.Services.csproj", "{1C8C1539-83FA-453C-8404-ED51F20C1A53}"
EndProject
Project("{FAE04EC0-301F-11D3-BF4B-00C04F79EFBC}") = "My.Data", "My.Data\My.Data.csproj", "{C5987389-C9E5-4C16-B0D9-CB6261BECE38}"
EndProject
Project("{FAE04EC0-301F-11D3-BF4B-00C04F79EFBC}") = "My.Data.MongoDB", "My.Data.MongoDB\My.Data.MongoDB.csproj", "{E568E757-A81A-4C2E-ABFE-3BCD08892657}"
EndProject
Global
	GlobalSection(SolutionConfigurationPlatforms) = preSolution
		Debug|Any CPU = Debug|Any CPU
		Release|Any CPU = Release|Any CPU
	EndGlobalSection
	GlobalSection(ProjectConfigurationPlatforms) = postSolution
		{C2E0DF91-33D9-45A6-89B2-34E5E51188DC}.Debug|Any CPU.ActiveCfg = Debug|Any CPU
		{C2E0DF91-33D9-45A6-89B2-34E5E51188DC}.Debug|Any CPU.Build.0 = Debug|Any CPU
		{C2E0DF91-33D9-45A6-89B2-34E5E51188DC}.Release|Any CPU.ActiveCfg = Release|Any CPU
		{C2E0DF91-33D9-45A6-89B2-34E5E51188DC}.Release|Any CPU.Build.0 = Release|Any CPU
		{E9FA2CFA-F243-4350-95B3-657D54066597}.Debug|Any CPU.ActiveCfg = Debug|Any CPU
		{E9FA2CFA-F243-4350-95B3-657D54066597}.Debug|Any CPU.Build.0 = Debug|Any CPU
		{E9FA2CFA-F243-4350-95B3-657D54066597}.Release|Any CPU.ActiveCfg = Release|Any CPU
		{E9FA2CFA-F243-4350-95B3-657D54066597}.Release|Any CPU.Build.0 = Release|Any CPU
		{1C8C1539-83FA-453C-8404-ED51F20C1A53}.Debug|Any CPU.ActiveCfg = Debug|Any CPU
		{1C8C1539-83FA-453C-8404-ED51F20C1A53}.Debug|Any CPU.Build.0 = Debug|Any CPU
		{1C8C1539-83FA-453C-8404-ED51F20C1A53}.Release|Any CPU.ActiveCfg = Release|Any CPU
		{1C8C1539-83FA-453C-8404-ED51F20C1A53}.Release|Any CPU.Build.0 = Release|Any CPU
		{C5987389-C9E5-4C16-B0D9-CB6261BECE38}.Debug|Any CPU.ActiveCfg = Debug|Any CPU
		{C5987389-C9E5-4C16-B0D9-CB6261BECE38}.Debug|Any CPU.Build.0 = Debug|Any CPU
		{C5987389-C9E5-4C16-B0D9-CB6261BECE38}.Release|Any CPU.ActiveCfg = Release|Any CPU
		{C5987389-C9E5-4C16-B0D9-CB6261BECE38}.Release|Any CPU.Build.0 = Release|Any CPU
		{E568E757-A81A-4C2E-ABFE-3BCD08892657}.Debug|Any CPU.ActiveCfg = Debug|Any CPU
		{E568E757-A81A-4C2E-ABFE-3BCD08892657}.Debug|Any CPU.Build.0 = Debug|Any CPU
		{E568E757-A81A-4C2E-ABFE-3BCD08892657}.Release|Any CPU.ActiveCfg = Release|Any CPU
		{E568E757-A81A-4C2E-ABFE-3BCD08892657}.Release|Any CPU.Build.0 = Release|Any CPU
	EndGlobalSection
	GlobalSection(SolutionProperties) = preSolution
		HideSolutionNode = FALSE
	EndGlobalSection
	GlobalSection(NestedProjects) = preSolution
		{549DB583-355A-4BC0-80F7-851A895F2150} = {CD243F4A-C5BF-4689-9161-F5272B850068}
		{49A9B18B-E8AD-452E-8643-545A3ECD8A22} = {CD243F4A-C5BF-4689-9161-F5272B850068}
		{C2E0DF91-33D9-45A6-89B2-34E5E51188DC} = {549DB583-355A-4BC0-80F7-851A895F2150}
		{E9FA2CFA-F243-4350-95B3-657D54066597} = {549DB583-355A-4BC0-80F7-851A895F2150}
		{1C8C1539-83FA-453C-8404-ED51F20C1A53} = {549DB583-355A-4BC0-80F7-851A895F2150}
		{C5987389-C9E5-4C16-B0D9-CB6261BECE38} = {549DB583-355A-4BC0-80F7-851A895F2150}
		{E568E757-A81A-4C2E-ABFE-3BCD08892657} = {549DB583-355A-4BC0-80F7-851A895F2150}
	EndGlobalSection
	GlobalSection(ExtensibilityGlobals) = postSolution
		SolutionGuid = {65DC2392-DA6B-40C8-A450-6AE5CCB4736D}
	EndGlobalSection
EndGlobal
